
Microsoft Visual Studio Solution File, Format Version 12.00
# Visual Studio Version 16
VisualStudioVersion = 16.0.31410.357
MinimumVisualStudioVersion = 10.0.40219.1
Project("{9A19103F-16F7-4668-BE54-9A1E7A4F7556}") = "BibliotecaFSJ", "BibliotecaFSJ.csproj", "{BC7D622C-EEE6-4E68-B5F6-9CC8E6175F10}"
EndProject
Project("{9A19103F-16F7-4668-BE54-9A1E7A4F7556}") = "BibliotecaFSJ.Models", "..\BibiotecaFSJ.Models\BibliotecaFSJ.Models.csproj", "{F86FC720-75F7-4B92-A5FF-80AFB54B711C}"
EndProject
Project("{9A19103F-16F7-4668-BE54-9A1E7A4F7556}") = "BibliotecaFSJ.DAO", "..\BibliotecaFSJ.DAO\BibliotecaFSJ.DAO.csproj", "{64F65841-AE5F-4940-9F9E-26BB1914C6FB}"
EndProject
Project("{FAE04EC0-301F-11D3-BF4B-00C04F79EFBC}") = "BibliotecaFSJ.Testes", "..\BibliotecaFSJ.Testes\BibliotecaFSJ.Testes.csproj", "{080E8E4D-2483-4491-925A-CA68E4F5FFAA}"
EndProject
Global
	GlobalSection(SolutionConfigurationPlatforms) = preSolution
		Debug|Any CPU = Debug|Any CPU
		Release|Any CPU = Release|Any CPU
	EndGlobalSection
	GlobalSection(ProjectConfigurationPlatforms) = postSolution
		{BC7D622C-EEE6-4E68-B5F6-9CC8E6175F10}.Debug|Any CPU.ActiveCfg = Debug|Any CPU
		{BC7D622C-EEE6-4E68-B5F6-9CC8E6175F10}.Debug|Any CPU.Build.0 = Debug|Any CPU
		{BC7D622C-EEE6-4E68-B5F6-9CC8E6175F10}.Release|Any CPU.ActiveCfg = Release|Any CPU
		{BC7D622C-EEE6-4E68-B5F6-9CC8E6175F10}.Release|Any CPU.Build.0 = Release|Any CPU
		{F86FC720-75F7-4B92-A5FF-80AFB54B711C}.Debug|Any CPU.ActiveCfg = Debug|Any CPU
		{F86FC720-75F7-4B92-A5FF-80AFB54B711C}.Debug|Any CPU.Build.0 = Debug|Any CPU
		{F86FC720-75F7-4B92-A5FF-80AFB54B711C}.Release|Any CPU.ActiveCfg = Release|Any CPU
		{F86FC720-75F7-4B92-A5FF-80AFB54B711C}.Release|Any CPU.Build.0 = Release|Any CPU
		{64F65841-AE5F-4940-9F9E-26BB1914C6FB}.Debug|Any CPU.ActiveCfg = Debug|Any CPU
		{64F65841-AE5F-4940-9F9E-26BB1914C6FB}.Debug|Any CPU.Build.0 = Debug|Any CPU
		{64F65841-AE5F-4940-9F9E-26BB1914C6FB}.Release|Any CPU.ActiveCfg = Release|Any CPU
		{64F65841-AE5F-4940-9F9E-26BB1914C6FB}.Release|Any CPU.Build.0 = Release|Any CPU
		{080E8E4D-2483-4491-925A-CA68E4F5FFAA}.Debug|Any CPU.ActiveCfg = Debug|Any CPU
		{080E8E4D-2483-4491-925A-CA68E4F5FFAA}.Debug|Any CPU.Build.0 = Debug|Any CPU
		{080E8E4D-2483-4491-925A-CA68E4F5FFAA}.Release|Any CPU.ActiveCfg = Release|Any CPU
		{080E8E4D-2483-4491-925A-CA68E4F5FFAA}.Release|Any CPU.Build.0 = Release|Any CPU
	EndGlobalSection
	GlobalSection(SolutionProperties) = preSolution
		HideSolutionNode = FALSE
	EndGlobalSection
	GlobalSection(ExtensibilityGlobals) = postSolution
		SolutionGuid = {C882F31C-2C44-4A94-96C5-41F2CB2BFA09}
	EndGlobalSection
EndGlobal
